
Microsoft Visual Studio Solution File, Format Version 12.00
# Visual Studio Version 16
VisualStudioVersion = 16.0.28803.156
MinimumVisualStudioVersion = 10.0.40219.1
Project("{9A19103F-16F7-4668-BE54-9A1E7A4F7556}") = "DynamicData", "DynamicData\DynamicData.csproj", "{FE903921-6C55-40E3-9A16-4127ECACC12C}"
EndProject
Project("{2150E333-8FDC-42A3-9474-1A3956D46DE8}") = ".other", ".other", "{DFCC45F8-251C-4D78-AF9B-15C1EDF0E603}"
	ProjectSection(SolutionItems) = preProject
		appveyor.yml = appveyor.yml
		Directory.Build.props = Directory.Build.props
		Directory.build.targets = Directory.build.targets
		global.json = global.json
		NuGet.Config = NuGet.Config
		README.md = README.md
		ReleaseNotes.md = ReleaseNotes.md
	EndProjectSection
EndProject
Project("{9A19103F-16F7-4668-BE54-9A1E7A4F7556}") = "DynamicData.Tests", "DynamicData.Tests\DynamicData.Tests.csproj", "{1D53F0EE-F579-4398-82E5-ECAB2AA70BF1}"
EndProject
Project("{9A19103F-16F7-4668-BE54-9A1E7A4F7556}") = "DynamicData.ReactiveUI", "DynamicData.ReactiveUI\DynamicData.ReactiveUI.csproj", "{EF8A5EB3-8C27-4D96-B7A5-D7CB92F50315}"
EndProject
Project("{9A19103F-16F7-4668-BE54-9A1E7A4F7556}") = "DynamicData.ReactiveUI.Tests", "DynamicData.ReactiveUI.Tests\DynamicData.ReactiveUI.Tests.csproj", "{9F0897D7-B92A-4162-AEA5-C143614C5904}"
EndProject
Project("{9A19103F-16F7-4668-BE54-9A1E7A4F7556}") = "DynamicData.Profile", "DynamicData.Profile\DynamicData.Profile.csproj", "{7A1B3B5B-50A0-491F-BC2F-513299DEE82D}"
EndProject
Project("{9A19103F-16F7-4668-BE54-9A1E7A4F7556}") = "DynamicData.Benchmarks", "DynamicData.Benchmarks\DynamicData.Benchmarks.csproj", "{42566F48-05FC-483E-8B2F-D0EA4F28E870}"
EndProject
Project("{9A19103F-16F7-4668-BE54-9A1E7A4F7556}") = "DynamicData.SignalR", "DynamicData.SignalR\DynamicData.SignalR.csproj", "{CA83E7E3-AFA1-44BD-9C79-ECFC27172954}"
EndProject
Project("{9A19103F-16F7-4668-BE54-9A1E7A4F7556}") = "DynamicData.SignalR.TestWebApp", "DynamicData.SignalR.TestWebApp\DynamicData.SignalR.TestWebApp.csproj", "{19FBC911-8444-47ED-9CDA-45D97594D75B}"
EndProject
Project("{9A19103F-16F7-4668-BE54-9A1E7A4F7556}") = "DynamicData.SignalR.TestModel", "DynamicData.SignalR.TestModel\DynamicData.SignalR.TestModel.csproj", "{16141EBD-0109-4140-AF0D-2D3BE7A2C8CC}"
EndProject
Project("{9A19103F-16F7-4668-BE54-9A1E7A4F7556}") = "DynamicData.SignalR.Tests", "DynamicData.SignalR.Tests\DynamicData.SignalR.Tests.csproj", "{2158A21C-097D-4C6A-9D05-26162D768D23}"
EndProject
Project("{9A19103F-16F7-4668-BE54-9A1E7A4F7556}") = "DynamicData.SignalR.JSInterop", "DynamicData.SignalR.JSInterop\DynamicData.SignalR.JSInterop.csproj", "{81B12529-2B82-4B92-A9EB-E1C9813FB95A}"
EndProject
Project("{FAE04EC0-301F-11D3-BF4B-00C04F79EFBC}") = "DynamicData.SignalR.JSInterop.TestBlazorApp", "DynamicData.SignalR.JSInterop.TestBlazorApp\DynamicData.SignalR.JSInterop.TestBlazorApp.csproj", "{2BC96D82-5520-4BE9-8D9C-85E169BC446F}"
EndProject
Global
	GlobalSection(SolutionConfigurationPlatforms) = preSolution
		Debug|Any CPU = Debug|Any CPU
		Debug|Mixed Platforms = Debug|Mixed Platforms
		Debug|x64 = Debug|x64
		Debug|x86 = Debug|x86
		Release|Any CPU = Release|Any CPU
		Release|Mixed Platforms = Release|Mixed Platforms
		Release|x64 = Release|x64
		Release|x86 = Release|x86
	EndGlobalSection
	GlobalSection(ProjectConfigurationPlatforms) = postSolution
		{FE903921-6C55-40E3-9A16-4127ECACC12C}.Debug|Any CPU.ActiveCfg = Debug|Any CPU
		{FE903921-6C55-40E3-9A16-4127ECACC12C}.Debug|Any CPU.Build.0 = Debug|Any CPU
		{FE903921-6C55-40E3-9A16-4127ECACC12C}.Debug|Mixed Platforms.ActiveCfg = Debug|Any CPU
		{FE903921-6C55-40E3-9A16-4127ECACC12C}.Debug|Mixed Platforms.Build.0 = Debug|Any CPU
		{FE903921-6C55-40E3-9A16-4127ECACC12C}.Debug|x64.ActiveCfg = Debug|Any CPU
		{FE903921-6C55-40E3-9A16-4127ECACC12C}.Debug|x86.ActiveCfg = Debug|Any CPU
		{FE903921-6C55-40E3-9A16-4127ECACC12C}.Release|Any CPU.ActiveCfg = Release|Any CPU
		{FE903921-6C55-40E3-9A16-4127ECACC12C}.Release|Any CPU.Build.0 = Release|Any CPU
		{FE903921-6C55-40E3-9A16-4127ECACC12C}.Release|Mixed Platforms.ActiveCfg = Release|Any CPU
		{FE903921-6C55-40E3-9A16-4127ECACC12C}.Release|Mixed Platforms.Build.0 = Release|Any CPU
		{FE903921-6C55-40E3-9A16-4127ECACC12C}.Release|x64.ActiveCfg = Release|Any CPU
		{FE903921-6C55-40E3-9A16-4127ECACC12C}.Release|x86.ActiveCfg = Release|Any CPU
		{1D53F0EE-F579-4398-82E5-ECAB2AA70BF1}.Debug|Any CPU.ActiveCfg = Debug|Any CPU
		{1D53F0EE-F579-4398-82E5-ECAB2AA70BF1}.Debug|Any CPU.Build.0 = Debug|Any CPU
		{1D53F0EE-F579-4398-82E5-ECAB2AA70BF1}.Debug|Mixed Platforms.ActiveCfg = Debug|Any CPU
		{1D53F0EE-F579-4398-82E5-ECAB2AA70BF1}.Debug|x64.ActiveCfg = Debug|Any CPU
		{1D53F0EE-F579-4398-82E5-ECAB2AA70BF1}.Debug|x64.Build.0 = Debug|Any CPU
		{1D53F0EE-F579-4398-82E5-ECAB2AA70BF1}.Debug|x86.ActiveCfg = Debug|Any CPU
		{1D53F0EE-F579-4398-82E5-ECAB2AA70BF1}.Debug|x86.Build.0 = Debug|Any CPU
		{1D53F0EE-F579-4398-82E5-ECAB2AA70BF1}.Release|Any CPU.ActiveCfg = Release|Any CPU
		{1D53F0EE-F579-4398-82E5-ECAB2AA70BF1}.Release|Any CPU.Build.0 = Release|Any CPU
		{1D53F0EE-F579-4398-82E5-ECAB2AA70BF1}.Release|Mixed Platforms.ActiveCfg = Release|Any CPU
		{1D53F0EE-F579-4398-82E5-ECAB2AA70BF1}.Release|Mixed Platforms.Build.0 = Release|Any CPU
		{1D53F0EE-F579-4398-82E5-ECAB2AA70BF1}.Release|x64.ActiveCfg = Release|Any CPU
		{1D53F0EE-F579-4398-82E5-ECAB2AA70BF1}.Release|x64.Build.0 = Release|Any CPU
		{1D53F0EE-F579-4398-82E5-ECAB2AA70BF1}.Release|x86.ActiveCfg = Release|Any CPU
		{1D53F0EE-F579-4398-82E5-ECAB2AA70BF1}.Release|x86.Build.0 = Release|Any CPU
		{EF8A5EB3-8C27-4D96-B7A5-D7CB92F50315}.Debug|Any CPU.ActiveCfg = Debug|Any CPU
		{EF8A5EB3-8C27-4D96-B7A5-D7CB92F50315}.Debug|Any CPU.Build.0 = Debug|Any CPU
		{EF8A5EB3-8C27-4D96-B7A5-D7CB92F50315}.Debug|Mixed Platforms.ActiveCfg = Debug|Any CPU
		{EF8A5EB3-8C27-4D96-B7A5-D7CB92F50315}.Debug|Mixed Platforms.Build.0 = Debug|Any CPU
		{EF8A5EB3-8C27-4D96-B7A5-D7CB92F50315}.Debug|x64.ActiveCfg = Debug|Any CPU
		{EF8A5EB3-8C27-4D96-B7A5-D7CB92F50315}.Debug|x64.Build.0 = Debug|Any CPU
		{EF8A5EB3-8C27-4D96-B7A5-D7CB92F50315}.Debug|x86.ActiveCfg = Debug|Any CPU
		{EF8A5EB3-8C27-4D96-B7A5-D7CB92F50315}.Debug|x86.Build.0 = Debug|Any CPU
		{EF8A5EB3-8C27-4D96-B7A5-D7CB92F50315}.Release|Any CPU.ActiveCfg = Release|Any CPU
		{EF8A5EB3-8C27-4D96-B7A5-D7CB92F50315}.Release|Any CPU.Build.0 = Release|Any CPU
		{EF8A5EB3-8C27-4D96-B7A5-D7CB92F50315}.Release|Mixed Platforms.ActiveCfg = Release|Any CPU
		{EF8A5EB3-8C27-4D96-B7A5-D7CB92F50315}.Release|Mixed Platforms.Build.0 = Release|Any CPU
		{EF8A5EB3-8C27-4D96-B7A5-D7CB92F50315}.Release|x64.ActiveCfg = Release|Any CPU
		{EF8A5EB3-8C27-4D96-B7A5-D7CB92F50315}.Release|x64.Build.0 = Release|Any CPU
		{EF8A5EB3-8C27-4D96-B7A5-D7CB92F50315}.Release|x86.ActiveCfg = Release|Any CPU
		{EF8A5EB3-8C27-4D96-B7A5-D7CB92F50315}.Release|x86.Build.0 = Release|Any CPU
		{9F0897D7-B92A-4162-AEA5-C143614C5904}.Debug|Any CPU.ActiveCfg = Debug|Any CPU
		{9F0897D7-B92A-4162-AEA5-C143614C5904}.Debug|Any CPU.Build.0 = Debug|Any CPU
		{9F0897D7-B92A-4162-AEA5-C143614C5904}.Debug|Mixed Platforms.ActiveCfg = Debug|Any CPU
		{9F0897D7-B92A-4162-AEA5-C143614C5904}.Debug|x64.ActiveCfg = Debug|Any CPU
		{9F0897D7-B92A-4162-AEA5-C143614C5904}.Debug|x64.Build.0 = Debug|Any CPU
		{9F0897D7-B92A-4162-AEA5-C143614C5904}.Debug|x86.ActiveCfg = Debug|Any CPU
		{9F0897D7-B92A-4162-AEA5-C143614C5904}.Debug|x86.Build.0 = Debug|Any CPU
		{9F0897D7-B92A-4162-AEA5-C143614C5904}.Release|Any CPU.ActiveCfg = Release|Any CPU
		{9F0897D7-B92A-4162-AEA5-C143614C5904}.Release|Any CPU.Build.0 = Release|Any CPU
		{9F0897D7-B92A-4162-AEA5-C143614C5904}.Release|Mixed Platforms.ActiveCfg = Release|Any CPU
		{9F0897D7-B92A-4162-AEA5-C143614C5904}.Release|Mixed Platforms.Build.0 = Release|Any CPU
		{9F0897D7-B92A-4162-AEA5-C143614C5904}.Release|x64.ActiveCfg = Release|Any CPU
		{9F0897D7-B92A-4162-AEA5-C143614C5904}.Release|x64.Build.0 = Release|Any CPU
		{9F0897D7-B92A-4162-AEA5-C143614C5904}.Release|x86.ActiveCfg = Release|Any CPU
		{9F0897D7-B92A-4162-AEA5-C143614C5904}.Release|x86.Build.0 = Release|Any CPU
		{7A1B3B5B-50A0-491F-BC2F-513299DEE82D}.Debug|Any CPU.ActiveCfg = Debug|Any CPU
		{7A1B3B5B-50A0-491F-BC2F-513299DEE82D}.Debug|Any CPU.Build.0 = Debug|Any CPU
		{7A1B3B5B-50A0-491F-BC2F-513299DEE82D}.Debug|Mixed Platforms.ActiveCfg = Debug|Any CPU
		{7A1B3B5B-50A0-491F-BC2F-513299DEE82D}.Debug|x64.ActiveCfg = Debug|Any CPU
		{7A1B3B5B-50A0-491F-BC2F-513299DEE82D}.Debug|x64.Build.0 = Debug|Any CPU
		{7A1B3B5B-50A0-491F-BC2F-513299DEE82D}.Debug|x86.ActiveCfg = Debug|Any CPU
		{7A1B3B5B-50A0-491F-BC2F-513299DEE82D}.Debug|x86.Build.0 = Debug|Any CPU
		{7A1B3B5B-50A0-491F-BC2F-513299DEE82D}.Release|Any CPU.ActiveCfg = Release|Any CPU
		{7A1B3B5B-50A0-491F-BC2F-513299DEE82D}.Release|Any CPU.Build.0 = Release|Any CPU
		{7A1B3B5B-50A0-491F-BC2F-513299DEE82D}.Release|Mixed Platforms.ActiveCfg = Release|Any CPU
		{7A1B3B5B-50A0-491F-BC2F-513299DEE82D}.Release|Mixed Platforms.Build.0 = Release|Any CPU
		{7A1B3B5B-50A0-491F-BC2F-513299DEE82D}.Release|x64.ActiveCfg = Release|Any CPU
		{7A1B3B5B-50A0-491F-BC2F-513299DEE82D}.Release|x64.Build.0 = Release|Any CPU
		{7A1B3B5B-50A0-491F-BC2F-513299DEE82D}.Release|x86.ActiveCfg = Release|Any CPU
		{7A1B3B5B-50A0-491F-BC2F-513299DEE82D}.Release|x86.Build.0 = Release|Any CPU
		{42566F48-05FC-483E-8B2F-D0EA4F28E870}.Debug|Any CPU.ActiveCfg = Debug|Any CPU
		{42566F48-05FC-483E-8B2F-D0EA4F28E870}.Debug|Any CPU.Build.0 = Debug|Any CPU
		{42566F48-05FC-483E-8B2F-D0EA4F28E870}.Debug|Mixed Platforms.ActiveCfg = Debug|Any CPU
		{42566F48-05FC-483E-8B2F-D0EA4F28E870}.Debug|x64.ActiveCfg = Debug|Any CPU
		{42566F48-05FC-483E-8B2F-D0EA4F28E870}.Debug|x64.Build.0 = Debug|Any CPU
		{42566F48-05FC-483E-8B2F-D0EA4F28E870}.Debug|x86.ActiveCfg = Debug|Any CPU
		{42566F48-05FC-483E-8B2F-D0EA4F28E870}.Debug|x86.Build.0 = Debug|Any CPU
		{42566F48-05FC-483E-8B2F-D0EA4F28E870}.Release|Any CPU.ActiveCfg = Release|Any CPU
		{42566F48-05FC-483E-8B2F-D0EA4F28E870}.Release|Any CPU.Build.0 = Release|Any CPU
		{42566F48-05FC-483E-8B2F-D0EA4F28E870}.Release|Mixed Platforms.ActiveCfg = Release|Any CPU
		{42566F48-05FC-483E-8B2F-D0EA4F28E870}.Release|Mixed Platforms.Build.0 = Release|Any CPU
		{42566F48-05FC-483E-8B2F-D0EA4F28E870}.Release|x64.ActiveCfg = Release|Any CPU
		{42566F48-05FC-483E-8B2F-D0EA4F28E870}.Release|x64.Build.0 = Release|Any CPU
		{42566F48-05FC-483E-8B2F-D0EA4F28E870}.Release|x86.ActiveCfg = Release|Any CPU
		{42566F48-05FC-483E-8B2F-D0EA4F28E870}.Release|x86.Build.0 = Release|Any CPU
		{CA83E7E3-AFA1-44BD-9C79-ECFC27172954}.Debug|Any CPU.ActiveCfg = Debug|Any CPU
		{CA83E7E3-AFA1-44BD-9C79-ECFC27172954}.Debug|Any CPU.Build.0 = Debug|Any CPU
		{CA83E7E3-AFA1-44BD-9C79-ECFC27172954}.Debug|Mixed Platforms.ActiveCfg = Debug|Any CPU
		{CA83E7E3-AFA1-44BD-9C79-ECFC27172954}.Debug|Mixed Platforms.Build.0 = Debug|Any CPU
		{CA83E7E3-AFA1-44BD-9C79-ECFC27172954}.Debug|x64.ActiveCfg = Debug|Any CPU
		{CA83E7E3-AFA1-44BD-9C79-ECFC27172954}.Debug|x64.Build.0 = Debug|Any CPU
		{CA83E7E3-AFA1-44BD-9C79-ECFC27172954}.Debug|x86.ActiveCfg = Debug|Any CPU
		{CA83E7E3-AFA1-44BD-9C79-ECFC27172954}.Debug|x86.Build.0 = Debug|Any CPU
		{CA83E7E3-AFA1-44BD-9C79-ECFC27172954}.Release|Any CPU.ActiveCfg = Release|Any CPU
		{CA83E7E3-AFA1-44BD-9C79-ECFC27172954}.Release|Any CPU.Build.0 = Release|Any CPU
		{CA83E7E3-AFA1-44BD-9C79-ECFC27172954}.Release|Mixed Platforms.ActiveCfg = Release|Any CPU
		{CA83E7E3-AFA1-44BD-9C79-ECFC27172954}.Release|Mixed Platforms.Build.0 = Release|Any CPU
		{CA83E7E3-AFA1-44BD-9C79-ECFC27172954}.Release|x64.ActiveCfg = Release|Any CPU
		{CA83E7E3-AFA1-44BD-9C79-ECFC27172954}.Release|x64.Build.0 = Release|Any CPU
		{CA83E7E3-AFA1-44BD-9C79-ECFC27172954}.Release|x86.ActiveCfg = Release|Any CPU
		{CA83E7E3-AFA1-44BD-9C79-ECFC27172954}.Release|x86.Build.0 = Release|Any CPU
		{19FBC911-8444-47ED-9CDA-45D97594D75B}.Debug|Any CPU.ActiveCfg = Debug|Any CPU
		{19FBC911-8444-47ED-9CDA-45D97594D75B}.Debug|Any CPU.Build.0 = Debug|Any CPU
		{19FBC911-8444-47ED-9CDA-45D97594D75B}.Debug|Mixed Platforms.ActiveCfg = Debug|Any CPU
		{19FBC911-8444-47ED-9CDA-45D97594D75B}.Debug|x64.ActiveCfg = Debug|Any CPU
		{19FBC911-8444-47ED-9CDA-45D97594D75B}.Debug|x64.Build.0 = Debug|Any CPU
		{19FBC911-8444-47ED-9CDA-45D97594D75B}.Debug|x86.ActiveCfg = Debug|Any CPU
		{19FBC911-8444-47ED-9CDA-45D97594D75B}.Debug|x86.Build.0 = Debug|Any CPU
		{19FBC911-8444-47ED-9CDA-45D97594D75B}.Release|Any CPU.ActiveCfg = Release|Any CPU
		{19FBC911-8444-47ED-9CDA-45D97594D75B}.Release|Any CPU.Build.0 = Release|Any CPU
		{19FBC911-8444-47ED-9CDA-45D97594D75B}.Release|Mixed Platforms.ActiveCfg = Release|Any CPU
		{19FBC911-8444-47ED-9CDA-45D97594D75B}.Release|Mixed Platforms.Build.0 = Release|Any CPU
		{19FBC911-8444-47ED-9CDA-45D97594D75B}.Release|x64.ActiveCfg = Release|Any CPU
		{19FBC911-8444-47ED-9CDA-45D97594D75B}.Release|x64.Build.0 = Release|Any CPU
		{19FBC911-8444-47ED-9CDA-45D97594D75B}.Release|x86.ActiveCfg = Release|Any CPU
		{19FBC911-8444-47ED-9CDA-45D97594D75B}.Release|x86.Build.0 = Release|Any CPU
		{16141EBD-0109-4140-AF0D-2D3BE7A2C8CC}.Debug|Any CPU.ActiveCfg = Debug|Any CPU
		{16141EBD-0109-4140-AF0D-2D3BE7A2C8CC}.Debug|Any CPU.Build.0 = Debug|Any CPU
		{16141EBD-0109-4140-AF0D-2D3BE7A2C8CC}.Debug|Mixed Platforms.ActiveCfg = Debug|Any CPU
		{16141EBD-0109-4140-AF0D-2D3BE7A2C8CC}.Debug|Mixed Platforms.Build.0 = Debug|Any CPU
		{16141EBD-0109-4140-AF0D-2D3BE7A2C8CC}.Debug|x64.ActiveCfg = Debug|Any CPU
		{16141EBD-0109-4140-AF0D-2D3BE7A2C8CC}.Debug|x64.Build.0 = Debug|Any CPU
		{16141EBD-0109-4140-AF0D-2D3BE7A2C8CC}.Debug|x86.ActiveCfg = Debug|Any CPU
		{16141EBD-0109-4140-AF0D-2D3BE7A2C8CC}.Debug|x86.Build.0 = Debug|Any CPU
		{16141EBD-0109-4140-AF0D-2D3BE7A2C8CC}.Release|Any CPU.ActiveCfg = Release|Any CPU
		{16141EBD-0109-4140-AF0D-2D3BE7A2C8CC}.Release|Any CPU.Build.0 = Release|Any CPU
		{16141EBD-0109-4140-AF0D-2D3BE7A2C8CC}.Release|Mixed Platforms.ActiveCfg = Release|Any CPU
		{16141EBD-0109-4140-AF0D-2D3BE7A2C8CC}.Release|Mixed Platforms.Build.0 = Release|Any CPU
		{16141EBD-0109-4140-AF0D-2D3BE7A2C8CC}.Release|x64.ActiveCfg = Release|Any CPU
		{16141EBD-0109-4140-AF0D-2D3BE7A2C8CC}.Release|x64.Build.0 = Release|Any CPU
		{16141EBD-0109-4140-AF0D-2D3BE7A2C8CC}.Release|x86.ActiveCfg = Release|Any CPU
		{16141EBD-0109-4140-AF0D-2D3BE7A2C8CC}.Release|x86.Build.0 = Release|Any CPU
		{2158A21C-097D-4C6A-9D05-26162D768D23}.Debug|Any CPU.ActiveCfg = Debug|Any CPU
		{2158A21C-097D-4C6A-9D05-26162D768D23}.Debug|Any CPU.Build.0 = Debug|Any CPU
		{2158A21C-097D-4C6A-9D05-26162D768D23}.Debug|Mixed Platforms.ActiveCfg = Debug|Any CPU
		{2158A21C-097D-4C6A-9D05-26162D768D23}.Debug|x64.ActiveCfg = Debug|Any CPU
		{2158A21C-097D-4C6A-9D05-26162D768D23}.Debug|x64.Build.0 = Debug|Any CPU
		{2158A21C-097D-4C6A-9D05-26162D768D23}.Debug|x86.ActiveCfg = Debug|Any CPU
		{2158A21C-097D-4C6A-9D05-26162D768D23}.Debug|x86.Build.0 = Debug|Any CPU
		{2158A21C-097D-4C6A-9D05-26162D768D23}.Release|Any CPU.ActiveCfg = Release|Any CPU
		{2158A21C-097D-4C6A-9D05-26162D768D23}.Release|Any CPU.Build.0 = Release|Any CPU
		{2158A21C-097D-4C6A-9D05-26162D768D23}.Release|Mixed Platforms.ActiveCfg = Release|Any CPU
		{2158A21C-097D-4C6A-9D05-26162D768D23}.Release|Mixed Platforms.Build.0 = Release|Any CPU
		{2158A21C-097D-4C6A-9D05-26162D768D23}.Release|x64.ActiveCfg = Release|Any CPU
		{2158A21C-097D-4C6A-9D05-26162D768D23}.Release|x64.Build.0 = Release|Any CPU
		{2158A21C-097D-4C6A-9D05-26162D768D23}.Release|x86.ActiveCfg = Release|Any CPU
		{2158A21C-097D-4C6A-9D05-26162D768D23}.Release|x86.Build.0 = Release|Any CPU
		{81B12529-2B82-4B92-A9EB-E1C9813FB95A}.Debug|Any CPU.ActiveCfg = Debug|Any CPU
		{81B12529-2B82-4B92-A9EB-E1C9813FB95A}.Debug|Any CPU.Build.0 = Debug|Any CPU
		{81B12529-2B82-4B92-A9EB-E1C9813FB95A}.Debug|Mixed Platforms.ActiveCfg = Debug|Any CPU
		{81B12529-2B82-4B92-A9EB-E1C9813FB95A}.Debug|Mixed Platforms.Build.0 = Debug|Any CPU
		{81B12529-2B82-4B92-A9EB-E1C9813FB95A}.Debug|x64.ActiveCfg = Debug|Any CPU
		{81B12529-2B82-4B92-A9EB-E1C9813FB95A}.Debug|x64.Build.0 = Debug|Any CPU
		{81B12529-2B82-4B92-A9EB-E1C9813FB95A}.Debug|x86.ActiveCfg = Debug|Any CPU
		{81B12529-2B82-4B92-A9EB-E1C9813FB95A}.Debug|x86.Build.0 = Debug|Any CPU
		{81B12529-2B82-4B92-A9EB-E1C9813FB95A}.Release|Any CPU.ActiveCfg = Release|Any CPU
		{81B12529-2B82-4B92-A9EB-E1C9813FB95A}.Release|Any CPU.Build.0 = Release|Any CPU
		{81B12529-2B82-4B92-A9EB-E1C9813FB95A}.Release|Mixed Platforms.ActiveCfg = Release|Any CPU
		{81B12529-2B82-4B92-A9EB-E1C9813FB95A}.Release|Mixed Platforms.Build.0 = Release|Any CPU
		{81B12529-2B82-4B92-A9EB-E1C9813FB95A}.Release|x64.ActiveCfg = Release|Any CPU
		{81B12529-2B82-4B92-A9EB-E1C9813FB95A}.Release|x64.Build.0 = Release|Any CPU
		{81B12529-2B82-4B92-A9EB-E1C9813FB95A}.Release|x86.ActiveCfg = Release|Any CPU
		{81B12529-2B82-4B92-A9EB-E1C9813FB95A}.Release|x86.Build.0 = Release|Any CPU
		{2BC96D82-5520-4BE9-8D9C-85E169BC446F}.Debug|Any CPU.ActiveCfg = Debug|Any CPU
		{2BC96D82-5520-4BE9-8D9C-85E169BC446F}.Debug|Any CPU.Build.0 = Debug|Any CPU
		{2BC96D82-5520-4BE9-8D9C-85E169BC446F}.Debug|Mixed Platforms.ActiveCfg = Debug|Any CPU
		{2BC96D82-5520-4BE9-8D9C-85E169BC446F}.Debug|Mixed Platforms.Build.0 = Debug|Any CPU
		{2BC96D82-5520-4BE9-8D9C-85E169BC446F}.Debug|x64.ActiveCfg = Debug|Any CPU
		{2BC96D82-5520-4BE9-8D9C-85E169BC446F}.Debug|x64.Build.0 = Debug|Any CPU
		{2BC96D82-5520-4BE9-8D9C-85E169BC446F}.Debug|x86.ActiveCfg = Debug|Any CPU
		{2BC96D82-5520-4BE9-8D9C-85E169BC446F}.Debug|x86.Build.0 = Debug|Any CPU
		{2BC96D82-5520-4BE9-8D9C-85E169BC446F}.Release|Any CPU.ActiveCfg = Release|Any CPU
		{2BC96D82-5520-4BE9-8D9C-85E169BC446F}.Release|Any CPU.Build.0 = Release|Any CPU
		{2BC96D82-5520-4BE9-8D9C-85E169BC446F}.Release|Mixed Platforms.ActiveCfg = Release|Any CPU
		{2BC96D82-5520-4BE9-8D9C-85E169BC446F}.Release|Mixed Platforms.Build.0 = Release|Any CPU
		{2BC96D82-5520-4BE9-8D9C-85E169BC446F}.Release|x64.ActiveCfg = Release|Any CPU
		{2BC96D82-5520-4BE9-8D9C-85E169BC446F}.Release|x64.Build.0 = Release|Any CPU
		{2BC96D82-5520-4BE9-8D9C-85E169BC446F}.Release|x86.ActiveCfg = Release|Any CPU
		{2BC96D82-5520-4BE9-8D9C-85E169BC446F}.Release|x86.Build.0 = Release|Any CPU
	EndGlobalSection
	GlobalSection(SolutionProperties) = preSolution
		HideSolutionNode = FALSE
	EndGlobalSection
	GlobalSection(ExtensibilityGlobals) = postSolution
		SolutionGuid = {2495D109-BD85-4568-9B27-06D36E6EF562}
	EndGlobalSection
EndGlobal
